
Microsoft Visual Studio Solution File, Format Version 12.00
# Visual Studio Version 16
VisualStudioVersion = 25.0.1700.0
MinimumVisualStudioVersion = 10.0.40219.1
Project("{FAE04EC0-301F-11D3-BF4B-00C04F79EFBC}") = "Thread_Multithreading_Task_AsyncAwait", "Thread_Multithreading_Task_AsyncAwait.csproj", "{2EF60344-53DB-40FE-89A5-A34841CB1C04}"
EndProject
Global
	GlobalSection(SolutionConfigurationPlatforms) = preSolution
		Debug|Any CPU = Debug|Any CPU
		Release|Any CPU = Release|Any CPU
	EndGlobalSection
	GlobalSection(ProjectConfigurationPlatforms) = postSolution
		{2EF60344-53DB-40FE-89A5-A34841CB1C04}.Debug|Any CPU.ActiveCfg = Debug|Any CPU
		{2EF60344-53DB-40FE-89A5-A34841CB1C04}.Debug|Any CPU.Build.0 = Debug|Any CPU
		{2EF60344-53DB-40FE-89A5-A34841CB1C04}.Release|Any CPU.ActiveCfg = Release|Any CPU
		{2EF60344-53DB-40FE-89A5-A34841CB1C04}.Release|Any CPU.Build.0 = Release|Any CPU
	EndGlobalSection
	GlobalSection(SolutionProperties) = preSolution
		HideSolutionNode = FALSE
	EndGlobalSection
	GlobalSection(ExtensibilityGlobals) = postSolution
		SolutionGuid = {FB854F1E-1EAE-47DB-9505-7F4411A59920}
	EndGlobalSection
EndGlobal
